
Microsoft Visual Studio Solution File, Format Version 12.00
# Visual Studio Version 16
VisualStudioVersion = 16.0.31019.35
MinimumVisualStudioVersion = 10.0.40219.1
Project("{FAE04EC0-301F-11D3-BF4B-00C04F79EFBC}") = "SimplePattern", "SimplePattern\SimplePattern.csproj", "{3E39EB7C-0823-496E-9703-C0ED473D20B2}"
EndProject
Project("{FAE04EC0-301F-11D3-BF4B-00C04F79EFBC}") = "Data", "Data\Data.csproj", "{29677D15-F0BA-41C3-B410-2F67C1B7AD07}"
EndProject
Project("{FAE04EC0-301F-11D3-BF4B-00C04F79EFBC}") = "Repository", "Repository\Repository.csproj", "{89848EB2-38C8-4DB1-9B6E-3D826D4CDE5B}"
EndProject
Project("{FAE04EC0-301F-11D3-BF4B-00C04F79EFBC}") = "App", "App\App.csproj", "{34B041F5-203F-4F67-9594-315DA3AEDB79}"
EndProject
Project("{FAE04EC0-301F-11D3-BF4B-00C04F79EFBC}") = "Contracts", "Contracts\Contracts.csproj", "{D492315A-D9C8-49E5-B7B7-B6F62BC03A6D}"
EndProject
Global
	GlobalSection(SolutionConfigurationPlatforms) = preSolution
		Debug|Any CPU = Debug|Any CPU
		Release|Any CPU = Release|Any CPU
	EndGlobalSection
	GlobalSection(ProjectConfigurationPlatforms) = postSolution
		{3E39EB7C-0823-496E-9703-C0ED473D20B2}.Debug|Any CPU.ActiveCfg = Debug|Any CPU
		{3E39EB7C-0823-496E-9703-C0ED473D20B2}.Debug|Any CPU.Build.0 = Debug|Any CPU
		{3E39EB7C-0823-496E-9703-C0ED473D20B2}.Release|Any CPU.ActiveCfg = Release|Any CPU
		{3E39EB7C-0823-496E-9703-C0ED473D20B2}.Release|Any CPU.Build.0 = Release|Any CPU
		{29677D15-F0BA-41C3-B410-2F67C1B7AD07}.Debug|Any CPU.ActiveCfg = Debug|Any CPU
		{29677D15-F0BA-41C3-B410-2F67C1B7AD07}.Debug|Any CPU.Build.0 = Debug|Any CPU
		{29677D15-F0BA-41C3-B410-2F67C1B7AD07}.Release|Any CPU.ActiveCfg = Release|Any CPU
		{29677D15-F0BA-41C3-B410-2F67C1B7AD07}.Release|Any CPU.Build.0 = Release|Any CPU
		{89848EB2-38C8-4DB1-9B6E-3D826D4CDE5B}.Debug|Any CPU.ActiveCfg = Debug|Any CPU
		{89848EB2-38C8-4DB1-9B6E-3D826D4CDE5B}.Debug|Any CPU.Build.0 = Debug|Any CPU
		{89848EB2-38C8-4DB1-9B6E-3D826D4CDE5B}.Release|Any CPU.ActiveCfg = Release|Any CPU
		{89848EB2-38C8-4DB1-9B6E-3D826D4CDE5B}.Release|Any CPU.Build.0 = Release|Any CPU
		{34B041F5-203F-4F67-9594-315DA3AEDB79}.Debug|Any CPU.ActiveCfg = Debug|Any CPU
		{34B041F5-203F-4F67-9594-315DA3AEDB79}.Debug|Any CPU.Build.0 = Debug|Any CPU
		{34B041F5-203F-4F67-9594-315DA3AEDB79}.Release|Any CPU.ActiveCfg = Release|Any CPU
		{34B041F5-203F-4F67-9594-315DA3AEDB79}.Release|Any CPU.Build.0 = Release|Any CPU
		{D492315A-D9C8-49E5-B7B7-B6F62BC03A6D}.Debug|Any CPU.ActiveCfg = Debug|Any CPU
		{D492315A-D9C8-49E5-B7B7-B6F62BC03A6D}.Debug|Any CPU.Build.0 = Debug|Any CPU
		{D492315A-D9C8-49E5-B7B7-B6F62BC03A6D}.Release|Any CPU.ActiveCfg = Release|Any CPU
		{D492315A-D9C8-49E5-B7B7-B6F62BC03A6D}.Release|Any CPU.Build.0 = Release|Any CPU
	EndGlobalSection
	GlobalSection(SolutionProperties) = preSolution
		HideSolutionNode = FALSE
	EndGlobalSection
	GlobalSection(ExtensibilityGlobals) = postSolution
		SolutionGuid = {138EFF74-BB50-4E46-A451-8BC36D535318}
	EndGlobalSection
EndGlobal
